
Microsoft Visual Studio Solution File, Format Version 12.00
# Visual Studio Version 16
VisualStudioVersion = 16.0.29021.104
MinimumVisualStudioVersion = 10.0.40219.1
Project("{9A19103F-16F7-4668-BE54-9A1E7A4F7556}") = "HM.Logic", "HangmanLogic\HM.Logic.csproj", "{C89464F0-2BC1-4D4B-803B-06E817138986}"
EndProject
Project("{9A19103F-16F7-4668-BE54-9A1E7A4F7556}") = "HM.Test", "HangmanTest\HM.Test.csproj", "{331490B7-0A7D-4B5B-9666-5327EA25551F}"
EndProject
Project("{9A19103F-16F7-4668-BE54-9A1E7A4F7556}") = "HM.Data", "Data\HM.Data.csproj", "{FD717780-77CF-4E00-95AE-CA29607AC7AA}"
EndProject
Project("{9A19103F-16F7-4668-BE54-9A1E7A4F7556}") = "HM.WebAPI", "WebAPI\HM.WebAPI.csproj", "{60F75618-A8C8-41BB-9953-DFC65E3CF32D}"
EndProject
Project("{9A19103F-16F7-4668-BE54-9A1E7A4F7556}") = "HM.AppServices", "AppServices\HM.AppServices.csproj", "{F973C80C-9805-42F7-8B6B-522B8413A632}"
EndProject
Project("{9A19103F-16F7-4668-BE54-9A1E7A4F7556}") = "HM.Repositories", "Repos\HM.Repositories.csproj", "{5057D71B-70CC-4C5B-873E-64F0A2182403}"
EndProject
Project("{FAE04EC0-301F-11D3-BF4B-00C04F79EFBC}") = "Common", "Common\Common.csproj", "{615EE6E6-8C72-48B4-A9A7-FD02D10E6777}"
EndProject
Global
	GlobalSection(SolutionConfigurationPlatforms) = preSolution
		Debug|Any CPU = Debug|Any CPU
		Release|Any CPU = Release|Any CPU
	EndGlobalSection
	GlobalSection(ProjectConfigurationPlatforms) = postSolution
		{C89464F0-2BC1-4D4B-803B-06E817138986}.Debug|Any CPU.ActiveCfg = Debug|Any CPU
		{C89464F0-2BC1-4D4B-803B-06E817138986}.Debug|Any CPU.Build.0 = Debug|Any CPU
		{C89464F0-2BC1-4D4B-803B-06E817138986}.Release|Any CPU.ActiveCfg = Release|Any CPU
		{C89464F0-2BC1-4D4B-803B-06E817138986}.Release|Any CPU.Build.0 = Release|Any CPU
		{331490B7-0A7D-4B5B-9666-5327EA25551F}.Debug|Any CPU.ActiveCfg = Debug|Any CPU
		{331490B7-0A7D-4B5B-9666-5327EA25551F}.Debug|Any CPU.Build.0 = Debug|Any CPU
		{331490B7-0A7D-4B5B-9666-5327EA25551F}.Release|Any CPU.ActiveCfg = Release|Any CPU
		{331490B7-0A7D-4B5B-9666-5327EA25551F}.Release|Any CPU.Build.0 = Release|Any CPU
		{FD717780-77CF-4E00-95AE-CA29607AC7AA}.Debug|Any CPU.ActiveCfg = Debug|Any CPU
		{FD717780-77CF-4E00-95AE-CA29607AC7AA}.Debug|Any CPU.Build.0 = Debug|Any CPU
		{FD717780-77CF-4E00-95AE-CA29607AC7AA}.Release|Any CPU.ActiveCfg = Release|Any CPU
		{FD717780-77CF-4E00-95AE-CA29607AC7AA}.Release|Any CPU.Build.0 = Release|Any CPU
		{60F75618-A8C8-41BB-9953-DFC65E3CF32D}.Debug|Any CPU.ActiveCfg = Debug|Any CPU
		{60F75618-A8C8-41BB-9953-DFC65E3CF32D}.Debug|Any CPU.Build.0 = Debug|Any CPU
		{60F75618-A8C8-41BB-9953-DFC65E3CF32D}.Release|Any CPU.ActiveCfg = Release|Any CPU
		{60F75618-A8C8-41BB-9953-DFC65E3CF32D}.Release|Any CPU.Build.0 = Release|Any CPU
		{F973C80C-9805-42F7-8B6B-522B8413A632}.Debug|Any CPU.ActiveCfg = Debug|Any CPU
		{F973C80C-9805-42F7-8B6B-522B8413A632}.Debug|Any CPU.Build.0 = Debug|Any CPU
		{F973C80C-9805-42F7-8B6B-522B8413A632}.Release|Any CPU.ActiveCfg = Release|Any CPU
		{F973C80C-9805-42F7-8B6B-522B8413A632}.Release|Any CPU.Build.0 = Release|Any CPU
		{5057D71B-70CC-4C5B-873E-64F0A2182403}.Debug|Any CPU.ActiveCfg = Debug|Any CPU
		{5057D71B-70CC-4C5B-873E-64F0A2182403}.Debug|Any CPU.Build.0 = Debug|Any CPU
		{5057D71B-70CC-4C5B-873E-64F0A2182403}.Release|Any CPU.ActiveCfg = Release|Any CPU
		{5057D71B-70CC-4C5B-873E-64F0A2182403}.Release|Any CPU.Build.0 = Release|Any CPU
		{615EE6E6-8C72-48B4-A9A7-FD02D10E6777}.Debug|Any CPU.ActiveCfg = Debug|Any CPU
		{615EE6E6-8C72-48B4-A9A7-FD02D10E6777}.Debug|Any CPU.Build.0 = Debug|Any CPU
		{615EE6E6-8C72-48B4-A9A7-FD02D10E6777}.Release|Any CPU.ActiveCfg = Release|Any CPU
		{615EE6E6-8C72-48B4-A9A7-FD02D10E6777}.Release|Any CPU.Build.0 = Release|Any CPU
	EndGlobalSection
	GlobalSection(SolutionProperties) = preSolution
		HideSolutionNode = FALSE
	EndGlobalSection
	GlobalSection(ExtensibilityGlobals) = postSolution
		SolutionGuid = {B5EADE17-46CE-43EB-A90F-43749C708ED3}
	EndGlobalSection
EndGlobal
